
Microsoft Visual Studio Solution File, Format Version 11.00
# Visual Studio 2010
Project("{FAE04EC0-301F-11D3-BF4B-00C04F79EFBC}") = "AR-Pong", "Assembly-CSharp.csproj", "{0C74E0FB-8463-3FD5-98E4-B2F91B38BA9F}"
EndProject
Project("{FAE04EC0-301F-11D3-BF4B-00C04F79EFBC}") = "AR-Pong", "Assembly-CSharp-firstpass.csproj", "{C85B2EBB-B986-79AA-8CCA-1B0168D6CCE4}"
EndProject
Project("{FAE04EC0-301F-11D3-BF4B-00C04F79EFBC}") = "AR-Pong", "Assembly-CSharp-Editor.csproj", "{11AF558C-25ED-119C-A342-12844959A82E}"
EndProject
Global
	GlobalSection(SolutionConfigurationPlatforms) = preSolution
		Debug|Any CPU = Debug|Any CPU
		Release|Any CPU = Release|Any CPU
	EndGlobalSection
	GlobalSection(ProjectConfigurationPlatforms) = postSolution
		{0C74E0FB-8463-3FD5-98E4-B2F91B38BA9F}.Debug|Any CPU.ActiveCfg = Debug|Any CPU
		{0C74E0FB-8463-3FD5-98E4-B2F91B38BA9F}.Debug|Any CPU.Build.0 = Debug|Any CPU
		{0C74E0FB-8463-3FD5-98E4-B2F91B38BA9F}.Release|Any CPU.ActiveCfg = Release|Any CPU
		{0C74E0FB-8463-3FD5-98E4-B2F91B38BA9F}.Release|Any CPU.Build.0 = Release|Any CPU
		{C85B2EBB-B986-79AA-8CCA-1B0168D6CCE4}.Debug|Any CPU.ActiveCfg = Debug|Any CPU
		{C85B2EBB-B986-79AA-8CCA-1B0168D6CCE4}.Debug|Any CPU.Build.0 = Debug|Any CPU
		{C85B2EBB-B986-79AA-8CCA-1B0168D6CCE4}.Release|Any CPU.ActiveCfg = Release|Any CPU
		{C85B2EBB-B986-79AA-8CCA-1B0168D6CCE4}.Release|Any CPU.Build.0 = Release|Any CPU
		{11AF558C-25ED-119C-A342-12844959A82E}.Debug|Any CPU.ActiveCfg = Debug|Any CPU
		{11AF558C-25ED-119C-A342-12844959A82E}.Debug|Any CPU.Build.0 = Debug|Any CPU
		{11AF558C-25ED-119C-A342-12844959A82E}.Release|Any CPU.ActiveCfg = Release|Any CPU
		{11AF558C-25ED-119C-A342-12844959A82E}.Release|Any CPU.Build.0 = Release|Any CPU
	EndGlobalSection
	GlobalSection(SolutionProperties) = preSolution
		HideSolutionNode = FALSE
	EndGlobalSection
	GlobalSection(MonoDevelopProperties) = preSolution
		StartupItem = Assembly-CSharp.csproj
	EndGlobalSection
EndGlobal
